
Microsoft Visual Studio Solution File, Format Version 12.00
# Visual Studio Version 17
VisualStudioVersion = 17.11.35312.102
MinimumVisualStudioVersion = 10.0.40219.1
Project("{9A19103F-16F7-4668-BE54-9A1E7A4F7556}") = "Authent", "Authent\Authent.csproj", "{59646A45-D767-4F81-8FF3-C3972AF368B0}"
EndProject
Global
	GlobalSection(SolutionConfigurationPlatforms) = preSolution
		Debug|Any CPU = Debug|Any CPU
		Release|Any CPU = Release|Any CPU
	EndGlobalSection
	GlobalSection(ProjectConfigurationPlatforms) = postSolution
		{59646A45-D767-4F81-8FF3-C3972AF368B0}.Debug|Any CPU.ActiveCfg = Debug|Any CPU
		{59646A45-D767-4F81-8FF3-C3972AF368B0}.Debug|Any CPU.Build.0 = Debug|Any CPU
		{59646A45-D767-4F81-8FF3-C3972AF368B0}.Release|Any CPU.ActiveCfg = Release|Any CPU
		{59646A45-D767-4F81-8FF3-C3972AF368B0}.Release|Any CPU.Build.0 = Release|Any CPU
	EndGlobalSection
	GlobalSection(SolutionProperties) = preSolution
		HideSolutionNode = FALSE
	EndGlobalSection
	GlobalSection(ExtensibilityGlobals) = postSolution
		SolutionGuid = {23388D3F-3B36-45ED-82EB-0BA22069B11D}
	EndGlobalSection
EndGlobal
